
Microsoft Visual Studio Solution File, Format Version 12.00
# Visual Studio 2013
VisualStudioVersion = 12.0.31101.0
MinimumVisualStudioVersion = 10.0.40219.1
Project("{FAE04EC0-301F-11D3-BF4B-00C04F79EFBC}") = "Adugo", "Adugo\Adugo.csproj", "{9C889930-FE6C-448C-A121-243198C7CF39}"
EndProject
Project("{FAE04EC0-301F-11D3-BF4B-00C04F79EFBC}") = "Prolog", "..\..\..\..\Pulpit\Prolog.NET-master\Prolog.NET-master\codeplex\Prolog\Prolog.csproj", "{171A6B22-168C-4662-8706-131C098622BD}"
EndProject
Global
	GlobalSection(SolutionConfigurationPlatforms) = preSolution
		Debug|Any CPU = Debug|Any CPU
		Debug|x64 = Debug|x64
		Release|Any CPU = Release|Any CPU
		Release|x64 = Release|x64
	EndGlobalSection
	GlobalSection(ProjectConfigurationPlatforms) = postSolution
		{9C889930-FE6C-448C-A121-243198C7CF39}.Debug|Any CPU.ActiveCfg = Debug|Any CPU
		{9C889930-FE6C-448C-A121-243198C7CF39}.Debug|Any CPU.Build.0 = Debug|Any CPU
		{9C889930-FE6C-448C-A121-243198C7CF39}.Debug|x64.ActiveCfg = Debug|x64
		{9C889930-FE6C-448C-A121-243198C7CF39}.Debug|x64.Build.0 = Debug|x64
		{9C889930-FE6C-448C-A121-243198C7CF39}.Release|Any CPU.ActiveCfg = Release|Any CPU
		{9C889930-FE6C-448C-A121-243198C7CF39}.Release|Any CPU.Build.0 = Release|Any CPU
		{9C889930-FE6C-448C-A121-243198C7CF39}.Release|x64.ActiveCfg = Release|x64
		{9C889930-FE6C-448C-A121-243198C7CF39}.Release|x64.Build.0 = Release|x64
		{171A6B22-168C-4662-8706-131C098622BD}.Debug|Any CPU.ActiveCfg = Debug|Any CPU
		{171A6B22-168C-4662-8706-131C098622BD}.Debug|Any CPU.Build.0 = Debug|Any CPU
		{171A6B22-168C-4662-8706-131C098622BD}.Debug|x64.ActiveCfg = Debug|Any CPU
		{171A6B22-168C-4662-8706-131C098622BD}.Release|Any CPU.ActiveCfg = Release|Any CPU
		{171A6B22-168C-4662-8706-131C098622BD}.Release|Any CPU.Build.0 = Release|Any CPU
		{171A6B22-168C-4662-8706-131C098622BD}.Release|x64.ActiveCfg = Release|Any CPU
	EndGlobalSection
	GlobalSection(SolutionProperties) = preSolution
		HideSolutionNode = FALSE
	EndGlobalSection
EndGlobal
